
Microsoft Visual Studio Solution File, Format Version 12.00
# Visual Studio 15
VisualStudioVersion = 15.0.28307.168
MinimumVisualStudioVersion = 10.0.40219.1
Project("{FAE04EC0-301F-11D3-BF4B-00C04F79EFBC}") = "ShoppingCart", "ShoppingCart\ShoppingCart.csproj", "{AEB7EFCD-A6EE-4FA9-9B93-8BE3DCF37DC3}"
EndProject
Global
	GlobalSection(SolutionConfigurationPlatforms) = preSolution
		Debug|Any CPU = Debug|Any CPU
		Release|Any CPU = Release|Any CPU
	EndGlobalSection
	GlobalSection(ProjectConfigurationPlatforms) = postSolution
		{AEB7EFCD-A6EE-4FA9-9B93-8BE3DCF37DC3}.Debug|Any CPU.ActiveCfg = Debug|Any CPU
		{AEB7EFCD-A6EE-4FA9-9B93-8BE3DCF37DC3}.Debug|Any CPU.Build.0 = Debug|Any CPU
		{AEB7EFCD-A6EE-4FA9-9B93-8BE3DCF37DC3}.Release|Any CPU.ActiveCfg = Release|Any CPU
		{AEB7EFCD-A6EE-4FA9-9B93-8BE3DCF37DC3}.Release|Any CPU.Build.0 = Release|Any CPU
	EndGlobalSection
	GlobalSection(SolutionProperties) = preSolution
		HideSolutionNode = FALSE
	EndGlobalSection
	GlobalSection(ExtensibilityGlobals) = postSolution
		SolutionGuid = {0821EE48-DA17-4259-AE9F-6BB071DAC971}
	EndGlobalSection
EndGlobal
